
Microsoft Visual Studio Solution File, Format Version 12.00
# Visual Studio 15
VisualStudioVersion = 15.0.28307.645
MinimumVisualStudioVersion = 10.0.40219.1
Project("{FAE04EC0-301F-11D3-BF4B-00C04F79EFBC}") = "Vidly", "Vidly\Vidly.csproj", "{8652AD76-C68B-4006-862B-09887169CDAF}"
EndProject
Global
	GlobalSection(SolutionConfigurationPlatforms) = preSolution
		Debug|Any CPU = Debug|Any CPU
		Release|Any CPU = Release|Any CPU
	EndGlobalSection
	GlobalSection(ProjectConfigurationPlatforms) = postSolution
		{8652AD76-C68B-4006-862B-09887169CDAF}.Debug|Any CPU.ActiveCfg = Debug|Any CPU
		{8652AD76-C68B-4006-862B-09887169CDAF}.Debug|Any CPU.Build.0 = Debug|Any CPU
		{8652AD76-C68B-4006-862B-09887169CDAF}.Release|Any CPU.ActiveCfg = Release|Any CPU
		{8652AD76-C68B-4006-862B-09887169CDAF}.Release|Any CPU.Build.0 = Release|Any CPU
	EndGlobalSection
	GlobalSection(SolutionProperties) = preSolution
		HideSolutionNode = FALSE
	EndGlobalSection
	GlobalSection(ExtensibilityGlobals) = postSolution
		SolutionGuid = {475DC2BC-F388-4016-8CCF-A74FD92B3D46}
	EndGlobalSection
EndGlobal
